
Microsoft Visual Studio Solution File, Format Version 12.00
# Visual Studio 15
VisualStudioVersion = 15.0.26730.3
MinimumVisualStudioVersion = 10.0.40219.1
Project("{FAE04EC0-301F-11D3-BF4B-00C04F79EFBC}") = "CTB", "CTB.csproj", "{4AC194DA-192E-43AE-A5DF-65CD55097359}"
EndProject
Project("{FAE04EC0-301F-11D3-BF4B-00C04F79EFBC}") = "CTBUI", "..\CTBUI\CTBUI.csproj", "{BEC89D8A-06AC-4A8B-9532-04FFBA27F4D7}"
EndProject
Project("{FAE04EC0-301F-11D3-BF4B-00C04F79EFBC}") = "SteamAuth", "packages\SteamAuth-master\SteamAuth\SteamAuth.csproj", "{5AD0934E-F6C4-4AE5-83AF-C788313B2A87}"
EndProject
Global
	GlobalSection(SolutionConfigurationPlatforms) = preSolution
		Debug|Any CPU = Debug|Any CPU
		Release|Any CPU = Release|Any CPU
	EndGlobalSection
	GlobalSection(ProjectConfigurationPlatforms) = postSolution
		{4AC194DA-192E-43AE-A5DF-65CD55097359}.Debug|Any CPU.ActiveCfg = Debug|Any CPU
		{4AC194DA-192E-43AE-A5DF-65CD55097359}.Debug|Any CPU.Build.0 = Debug|Any CPU
		{4AC194DA-192E-43AE-A5DF-65CD55097359}.Release|Any CPU.ActiveCfg = Release|Any CPU
		{4AC194DA-192E-43AE-A5DF-65CD55097359}.Release|Any CPU.Build.0 = Release|Any CPU
		{BEC89D8A-06AC-4A8B-9532-04FFBA27F4D7}.Debug|Any CPU.ActiveCfg = Debug|Any CPU
		{BEC89D8A-06AC-4A8B-9532-04FFBA27F4D7}.Debug|Any CPU.Build.0 = Debug|Any CPU
		{BEC89D8A-06AC-4A8B-9532-04FFBA27F4D7}.Release|Any CPU.ActiveCfg = Release|Any CPU
		{BEC89D8A-06AC-4A8B-9532-04FFBA27F4D7}.Release|Any CPU.Build.0 = Release|Any CPU
		{5AD0934E-F6C4-4AE5-83AF-C788313B2A87}.Debug|Any CPU.ActiveCfg = Debug|Any CPU
		{5AD0934E-F6C4-4AE5-83AF-C788313B2A87}.Debug|Any CPU.Build.0 = Debug|Any CPU
		{5AD0934E-F6C4-4AE5-83AF-C788313B2A87}.Release|Any CPU.ActiveCfg = Release|Any CPU
		{5AD0934E-F6C4-4AE5-83AF-C788313B2A87}.Release|Any CPU.Build.0 = Release|Any CPU
	EndGlobalSection
	GlobalSection(SolutionProperties) = preSolution
		HideSolutionNode = FALSE
	EndGlobalSection
	GlobalSection(ExtensibilityGlobals) = postSolution
		SolutionGuid = {AB4761D7-DCD9-48B8-886D-150ECC17A457}
	EndGlobalSection
EndGlobal
